
Microsoft Visual Studio Solution File, Format Version 12.00
# Visual Studio Version 17
VisualStudioVersion = 17.4.33122.133
MinimumVisualStudioVersion = 10.0.40219.1
Project("{FAE04EC0-301F-11D3-BF4B-00C04F79EFBC}") = "SumOfDigits", "SumOfDigits\SumOfDigits.csproj", "{01FA3EAF-A1A9-4720-8EF6-B7C7BAD396B7}"
EndProject
Global
	GlobalSection(SolutionConfigurationPlatforms) = preSolution
		Debug|Any CPU = Debug|Any CPU
		Release|Any CPU = Release|Any CPU
	EndGlobalSection
	GlobalSection(ProjectConfigurationPlatforms) = postSolution
		{01FA3EAF-A1A9-4720-8EF6-B7C7BAD396B7}.Debug|Any CPU.ActiveCfg = Debug|Any CPU
		{01FA3EAF-A1A9-4720-8EF6-B7C7BAD396B7}.Debug|Any CPU.Build.0 = Debug|Any CPU
		{01FA3EAF-A1A9-4720-8EF6-B7C7BAD396B7}.Release|Any CPU.ActiveCfg = Release|Any CPU
		{01FA3EAF-A1A9-4720-8EF6-B7C7BAD396B7}.Release|Any CPU.Build.0 = Release|Any CPU
	EndGlobalSection
	GlobalSection(SolutionProperties) = preSolution
		HideSolutionNode = FALSE
	EndGlobalSection
	GlobalSection(ExtensibilityGlobals) = postSolution
		SolutionGuid = {1ABAA9AD-34E3-4636-84EA-EBAB47967F47}
	EndGlobalSection
EndGlobal
